
Microsoft Visual Studio Solution File, Format Version 12.00
# Visual Studio Version 17
VisualStudioVersion = 17.0.31903.59
MinimumVisualStudioVersion = 10.0.40219.1
Project("{9A19103F-16F7-4668-BE54-9A1E7A4F7556}") = "API", "API\API.csproj", "{9A509654-7C9A-47E6-B914-5695C3B292D2}"
EndProject
Project("{9A19103F-16F7-4668-BE54-9A1E7A4F7556}") = "API.Core", "API.Core\API.Core.csproj", "{F64138E2-7308-4D33-A4CE-5C55F9867552}"
EndProject
Project("{9A19103F-16F7-4668-BE54-9A1E7A4F7556}") = "API.Infrastructure", "API.Infrastructure\API.Infrastructure.csproj", "{41D96969-F056-4FF2-B26D-8942DF5F860A}"
EndProject
Global
	GlobalSection(SolutionConfigurationPlatforms) = preSolution
		Debug|Any CPU = Debug|Any CPU
		Release|Any CPU = Release|Any CPU
	EndGlobalSection
	GlobalSection(ProjectConfigurationPlatforms) = postSolution
		{9A509654-7C9A-47E6-B914-5695C3B292D2}.Debug|Any CPU.ActiveCfg = Debug|Any CPU
		{9A509654-7C9A-47E6-B914-5695C3B292D2}.Debug|Any CPU.Build.0 = Debug|Any CPU
		{9A509654-7C9A-47E6-B914-5695C3B292D2}.Release|Any CPU.ActiveCfg = Release|Any CPU
		{9A509654-7C9A-47E6-B914-5695C3B292D2}.Release|Any CPU.Build.0 = Release|Any CPU
		{F64138E2-7308-4D33-A4CE-5C55F9867552}.Debug|Any CPU.ActiveCfg = Debug|Any CPU
		{F64138E2-7308-4D33-A4CE-5C55F9867552}.Debug|Any CPU.Build.0 = Debug|Any CPU
		{F64138E2-7308-4D33-A4CE-5C55F9867552}.Release|Any CPU.ActiveCfg = Release|Any CPU
		{F64138E2-7308-4D33-A4CE-5C55F9867552}.Release|Any CPU.Build.0 = Release|Any CPU
		{41D96969-F056-4FF2-B26D-8942DF5F860A}.Debug|Any CPU.ActiveCfg = Debug|Any CPU
		{41D96969-F056-4FF2-B26D-8942DF5F860A}.Debug|Any CPU.Build.0 = Debug|Any CPU
		{41D96969-F056-4FF2-B26D-8942DF5F860A}.Release|Any CPU.ActiveCfg = Release|Any CPU
		{41D96969-F056-4FF2-B26D-8942DF5F860A}.Release|Any CPU.Build.0 = Release|Any CPU
	EndGlobalSection
	GlobalSection(SolutionProperties) = preSolution
		HideSolutionNode = FALSE
	EndGlobalSection
	GlobalSection(ExtensibilityGlobals) = postSolution
		SolutionGuid = {A400E2F1-7D15-4C14-AB5D-A94069974F31}
	EndGlobalSection
EndGlobal
